{
	"name": "@chip-chip/schema",
	"version": "0.0.2",
	"lockfileVersion": 1,
	"requires": true,
	"dependencies": {
		"@types/lodash": {
			"version": "4.14.172",
			"resolved": "https://registry.npmjs.org/@types/lodash/-/lodash-4.14.172.tgz",
			"integrity": "sha512-/BHF5HAx3em7/KkzVKm3LrsD6HZAXuXO1AJZQ3cRRBZj4oHZDviWPYu0aEplAqDFNHZPW6d3G7KN+ONcCCC7pw==",
			"dev": true
		},
		"lodash": {
			"version": "4.17.21",
			"resolved": "https://registry.npmjs.org/lodash/-/lodash-4.17.21.tgz",
			"integrity": "sha512-v2kDEe57lecTulaDIuNTPy3Ry4gLGJ6Z1O3vE1krgXZNrsQ+LFTGHVxVjcXPs17LhbZVGedAJv8XZ1tvj5FvSg=="
		},
		"rxjs": {
			"version": "7.3.0",
			"resolved": "https://registry.npmjs.org/rxjs/-/rxjs-7.3.0.tgz",
			"integrity": "sha512-p2yuGIg9S1epc3vrjKf6iVb3RCaAYjYskkO+jHIaV0IjOPlJop4UnodOoFb2xeNwlguqLYvGw1b1McillYb5Gw==",
			"requires": {
				"tslib": "~2.1.0"
			}
		},
		"ts-transformer-keys": {
			"version": "0.4.3",
			"resolved": "https://registry.npmjs.org/ts-transformer-keys/-/ts-transformer-keys-0.4.3.tgz",
			"integrity": "sha512-pOTLlet1SnAvhKNr9tMAFwuv5283OkUNiq1fXTEK+vrSv+kxU3e2Ijr/UkqyX2vuMmvcNHdpXC31hob7ljH//g=="
		},
		"tslib": {
			"version": "2.1.0",
			"resolved": "https://registry.npmjs.org/tslib/-/tslib-2.1.0.tgz",
			"integrity": "sha512-hcVC3wYEziELGGmEEXue7D75zbwIIVUMWAVbHItGPx0ziyXxrOMQx4rQEVEV45Ut/1IotuEvwqPopzIOkDMf0A=="
		}
	}
}
